
Microsoft Visual Studio Solution File, Format Version 12.00
# Visual Studio 2013
VisualStudioVersion = 12.0.31101.0
MinimumVisualStudioVersion = 10.0.40219.1
Project("{FAE04EC0-301F-11D3-BF4B-00C04F79EFBC}") = "CINotifier", "CINotifier\CINotifier.csproj", "{20CA4FB7-7020-4282-B24C-13E91A3F0D71}"
EndProject
Project("{FAE04EC0-301F-11D3-BF4B-00C04F79EFBC}") = "CINotifier.Logic", "CINotifier.Logic\CINotifier.Logic.csproj", "{299548D8-4C23-400B-844B-64C7B17D2D5C}"
EndProject
Project("{FAE04EC0-301F-11D3-BF4B-00C04F79EFBC}") = "CINotifier.Logic.Tests", "CINotifier.Logic.Tests\CINotifier.Logic.Tests.csproj", "{656FEAB0-7F57-4FA3-998A-6A4247085738}"
EndProject
Global
	GlobalSection(SolutionConfigurationPlatforms) = preSolution
		Debug|Any CPU = Debug|Any CPU
		Release|Any CPU = Release|Any CPU
	EndGlobalSection
	GlobalSection(ProjectConfigurationPlatforms) = postSolution
		{20CA4FB7-7020-4282-B24C-13E91A3F0D71}.Debug|Any CPU.ActiveCfg = Debug|Any CPU
		{20CA4FB7-7020-4282-B24C-13E91A3F0D71}.Debug|Any CPU.Build.0 = Debug|Any CPU
		{20CA4FB7-7020-4282-B24C-13E91A3F0D71}.Release|Any CPU.ActiveCfg = Release|Any CPU
		{20CA4FB7-7020-4282-B24C-13E91A3F0D71}.Release|Any CPU.Build.0 = Release|Any CPU
		{299548D8-4C23-400B-844B-64C7B17D2D5C}.Debug|Any CPU.ActiveCfg = Debug|Any CPU
		{299548D8-4C23-400B-844B-64C7B17D2D5C}.Debug|Any CPU.Build.0 = Debug|Any CPU
		{299548D8-4C23-400B-844B-64C7B17D2D5C}.Release|Any CPU.ActiveCfg = Release|Any CPU
		{299548D8-4C23-400B-844B-64C7B17D2D5C}.Release|Any CPU.Build.0 = Release|Any CPU
		{656FEAB0-7F57-4FA3-998A-6A4247085738}.Debug|Any CPU.ActiveCfg = Debug|Any CPU
		{656FEAB0-7F57-4FA3-998A-6A4247085738}.Debug|Any CPU.Build.0 = Debug|Any CPU
		{656FEAB0-7F57-4FA3-998A-6A4247085738}.Release|Any CPU.ActiveCfg = Release|Any CPU
		{656FEAB0-7F57-4FA3-998A-6A4247085738}.Release|Any CPU.Build.0 = Release|Any CPU
	EndGlobalSection
	GlobalSection(SolutionProperties) = preSolution
		HideSolutionNode = FALSE
	EndGlobalSection
EndGlobal
